Microsoft Visual Studio Solution File, Format Version 11.00
# Visual Studio 2008

Project("{6132295F-CF55-70FB-8B0A-944EF322A598}") = "Alpha", "Assembly-CSharp-firstpass.csproj", "{FC543C20-BEA0-0A88-471A-83F2FED8DBB6}"
EndProject
Project("{6132295F-CF55-70FB-8B0A-944EF322A598}") = "Alpha", "Assembly-CSharp-Editor.csproj", "{855863D8-2D4B-5F37-B519-21B11F7D6FA1}"
EndProject
Project("{6132295F-CF55-70FB-8B0A-944EF322A598}") = "Alpha", "Assembly-UnityScript-firstpass.unityproj", "{4561B43A-1D2F-57BA-01C3-3F5369AD2E0E}"
EndProject
Global
	GlobalSection(SolutionConfigurationPlatforms) = preSolution
		Debug|Any CPU = Debug|Any CPU
		Release|Any CPU = Release|Any CPU
	EndGlobalSection
	GlobalSection(ProjectConfigurationPlatforms) = postSolution
		{FC543C20-BEA0-0A88-471A-83F2FED8DBB6}.Debug|Any CPU.ActiveCfg = Debug|Any CPU
		{FC543C20-BEA0-0A88-471A-83F2FED8DBB6}.Debug|Any CPU.Build.0 = Debug|Any CPU
		{FC543C20-BEA0-0A88-471A-83F2FED8DBB6}.Release|Any CPU.ActiveCfg = Release|Any CPU
		{FC543C20-BEA0-0A88-471A-83F2FED8DBB6}.Release|Any CPU.Build.0 = Release|Any CPU
		{855863D8-2D4B-5F37-B519-21B11F7D6FA1}.Debug|Any CPU.ActiveCfg = Debug|Any CPU
		{855863D8-2D4B-5F37-B519-21B11F7D6FA1}.Debug|Any CPU.Build.0 = Debug|Any CPU
		{855863D8-2D4B-5F37-B519-21B11F7D6FA1}.Release|Any CPU.ActiveCfg = Release|Any CPU
		{855863D8-2D4B-5F37-B519-21B11F7D6FA1}.Release|Any CPU.Build.0 = Release|Any CPU
		{4561B43A-1D2F-57BA-01C3-3F5369AD2E0E}.Debug|Any CPU.ActiveCfg = Debug|Any CPU
		{4561B43A-1D2F-57BA-01C3-3F5369AD2E0E}.Debug|Any CPU.Build.0 = Debug|Any CPU
		{4561B43A-1D2F-57BA-01C3-3F5369AD2E0E}.Release|Any CPU.ActiveCfg = Release|Any CPU
		{4561B43A-1D2F-57BA-01C3-3F5369AD2E0E}.Release|Any CPU.Build.0 = Release|Any CPU
	EndGlobalSection
	GlobalSection(SolutionProperties) = preSolution
		HideSolutionNode = FALSE
	EndGlobalSection
																GlobalSection(MonoDevelopProperties) = preSolution
		StartupItem = Assembly-CSharp.csproj
		Policies = $0
		$0.TextStylePolicy = $1
		$1.inheritsSet = null
		$1.scope = text/x-csharp
		$0.CSharpFormattingPolicy = $2
		$2.inheritsSet = Mono
		$2.inheritsScope = text/x-csharp
		$2.scope = text/x-csharp
		$0.TextStylePolicy = $3
		$3.FileWidth = 120
		$3.TabWidth = 4
		$3.EolMarker = Unix
		$3.inheritsSet = Mono
		$3.inheritsScope = text/plain
		$3.scope = text/plain
	EndGlobalSection

EndGlobal
